
Microsoft Visual Studio Solution File, Format Version 12.00
# Visual Studio Version 17
VisualStudioVersion = 17.10.34928.147
MinimumVisualStudioVersion = 10.0.40219.1
Project("{FAE04EC0-301F-11D3-BF4B-00C04F79EFBC}") = "ContactManager", "ContactManager.csproj", "{21DFE3B2-00FB-42F7-8609-DC7AAB0377CF}"
EndProject
Global
	GlobalSection(SolutionConfigurationPlatforms) = preSolution
		Debug|Any CPU = Debug|Any CPU
		Release|Any CPU = Release|Any CPU
	EndGlobalSection
	GlobalSection(ProjectConfigurationPlatforms) = postSolution
		{21DFE3B2-00FB-42F7-8609-DC7AAB0377CF}.Debug|Any CPU.ActiveCfg = Debug|Any CPU
		{21DFE3B2-00FB-42F7-8609-DC7AAB0377CF}.Debug|Any CPU.Build.0 = Debug|Any CPU
		{21DFE3B2-00FB-42F7-8609-DC7AAB0377CF}.Release|Any CPU.ActiveCfg = Release|Any CPU
		{21DFE3B2-00FB-42F7-8609-DC7AAB0377CF}.Release|Any CPU.Build.0 = Release|Any CPU
	EndGlobalSection
	GlobalSection(SolutionProperties) = preSolution
		HideSolutionNode = FALSE
	EndGlobalSection
	GlobalSection(ExtensibilityGlobals) = postSolution
		SolutionGuid = {E5163AA8-E39C-4F0E-9475-FD40F5FC1AEB}
	EndGlobalSection
EndGlobal
